
Microsoft Visual Studio Solution File, Format Version 12.00
# Visual Studio Version 17
VisualStudioVersion = 17.4.33110.190
MinimumVisualStudioVersion = 10.0.40219.1
Project("{FAE04EC0-301F-11D3-BF4B-00C04F79EFBC}") = "Project 2 perfect numbers", "Project 2 perfect numbers\Project 2 perfect numbers.csproj", "{69BB9AB1-3A52-4786-9F12-8AB90D9C4FAC}"
EndProject
Global
	GlobalSection(SolutionConfigurationPlatforms) = preSolution
		Debug|Any CPU = Debug|Any CPU
		Release|Any CPU = Release|Any CPU
	EndGlobalSection
	GlobalSection(ProjectConfigurationPlatforms) = postSolution
		{69BB9AB1-3A52-4786-9F12-8AB90D9C4FAC}.Debug|Any CPU.ActiveCfg = Debug|Any CPU
		{69BB9AB1-3A52-4786-9F12-8AB90D9C4FAC}.Debug|Any CPU.Build.0 = Debug|Any CPU
		{69BB9AB1-3A52-4786-9F12-8AB90D9C4FAC}.Release|Any CPU.ActiveCfg = Release|Any CPU
		{69BB9AB1-3A52-4786-9F12-8AB90D9C4FAC}.Release|Any CPU.Build.0 = Release|Any CPU
	EndGlobalSection
	GlobalSection(SolutionProperties) = preSolution
		HideSolutionNode = FALSE
	EndGlobalSection
	GlobalSection(ExtensibilityGlobals) = postSolution
		SolutionGuid = {B97E54CE-1209-4178-8A98-D634C3D2101E}
	EndGlobalSection
EndGlobal
